// !$*UTF8*$!
{
	archiveVersion = 1;
	classes = {
	};
	objectVersion = 51;
	objects = {

/* Begin PBXBuildFile section */
		28A1BD2823FDFA110065879B /* GoogleService-Info.plist in Resources */ = {isa = PBXBuildFile; fileRef = 28A1BD2723FDFA110065879B /* GoogleService-Info.plist */; };
		28A1BD2A23FDFE430065879B /* LoginViewController.swift in Sources */ = {isa = PBXBuildFile; fileRef = 28A1BD2923FDFE430065879B /* LoginViewController.swift */; };
		28A1BD2C23FDFE530065879B /* FeedViewController.swift in Sources */ = {isa = PBXBuildFile; fileRef = 28A1BD2B23FDFE530065879B /* FeedViewController.swift */; };
		28B0E42523FB5B6000487C4D /* AppDelegate.swift in Sources */ = {isa = PBXBuildFile; fileRef = 28B0E42423FB5B6000487C4D /* AppDelegate.swift */; };
		28B0E42723FB5B6000487C4D /* SceneDelegate.swift in Sources */ = {isa = PBXBuildFile; fileRef = 28B0E42623FB5B6000487C4D /* SceneDelegate.swift */; };
		28B0E42C23FB5B6000487C4D /* Main.storyboard in Resources */ = {isa = PBXBuildFile; fileRef = 28B0E42A23FB5B6000487C4D /* Main.storyboard */; };
		28B0E42E23FB5B6300487C4D /* Assets.xcassets in Resources */ = {isa = PBXBuildFile; fileRef = 28B0E42D23FB5B6300487C4D /* Assets.xcassets */; };
		28B0E43123FB5B6300487C4D /* LaunchScreen.storyboard in Resources */ = {isa = PBXBuildFile; fileRef = 28B0E42F23FB5B6300487C4D /* LaunchScreen.storyboard */; };
		28B0E43C23FB5B6300487C4D /* ParstagramTests.swift in Sources */ = {isa = PBXBuildFile; fileRef = 28B0E43B23FB5B6300487C4D /* ParstagramTests.swift */; };
		28B0E44723FB5B6300487C4D /* ParstagramUITests.swift in Sources */ = {isa = PBXBuildFile; fileRef = 28B0E44623FB5B6300487C4D /* ParstagramUITests.swift */; };
		28B4745024009ADE00B74BEC /* PostCell.swift in Sources */ = {isa = PBXBuildFile; fileRef = 28B4744F24009ADE00B74BEC /* PostCell.swift */; };
		28DAC37623FF9FDC009F4AFA /* CameraViewController.swift in Sources */ = {isa = PBXBuildFile; fileRef = 28DAC37523FF9FDC009F4AFA /* CameraViewController.swift */; };
		35257FED2AD0A821078DEB12 /* Pods_Parstagram.framework in Frameworks */ = {isa = PBXBuildFile; fileRef = 5387A0E97EACDF7B3514C428 /* Pods_Parstagram.framework */; };
		6659AC3544C297EBCA860118 /* Pods_Parstagram_ParstagramUITests.framework in Frameworks */ = {isa = PBXBuildFile; fileRef = 93DAFA03349808DBAC8BAA20 /* Pods_Parstagram_ParstagramUITests.framework */; };
		8EE5D03EE3112D4F6D6F2473 /* Pods_ParstagramTests.framework in Frameworks */ = {isa = PBXBuildFile; fileRef = BA868FD79FA8FA913B21B0A4 /* Pods_ParstagramTests.framework */; };
/* End PBXBuildFile section */

/* Begin PBXContainerItemProxy section */
		28B0E43823FB5B6300487C4D /* PBXContainerItemProxy */ = {
			isa = PBXContainerItemProxy;
			containerPortal = 28B0E41923FB5B6000487C4D /* Project object */;
			proxyType = 1;
			remoteGlobalIDString = 28B0E42023FB5B6000487C4D;
			remoteInfo = Parstagram;
		};
		28B0E44323FB5B6300487C4D /* PBXContainerItemProxy */ = {
			isa = PBXContainerItemProxy;
			containerPortal = 28B0E41923FB5B6000487C4D /* Project object */;
			proxyType = 1;
			remoteGlobalIDString = 28B0E42023FB5B6000487C4D;
			remoteInfo = Parstagram;
		};
/* End PBXContainerItemProxy section */

/* Begin PBXFileReference section */
		06ECBCDAB665E5614095A08E /* Pods-Parstagram-ParstagramUITests.release.xcconfig */ = {isa = PBXFileReference; includeInIndex = 1; lastKnownFileType = text.xcconfig; name = "Pods-Parstagram-ParstagramUITests.release.xcconfig"; path = "Target Support Files/Pods-Parstagram-ParstagramUITests/Pods-Parstagram-ParstagramUITests.release.xcconfig"; sourceTree = "<group>"; };
		16D27F76A2DE022F0C147493 /* Pods-Parstagram-ParstagramUITests.debug.xcconfig */ = {isa = PBXFileReference; includeInIndex = 1; lastKnownFileType = text.xcconfig; name = "Pods-Parstagram-ParstagramUITests.debug.xcconfig"; path = "Target Support Files/Pods-Parstagram-ParstagramUITests/Pods-Parstagram-ParstagramUITests.debug.xcconfig"; sourceTree = "<group>"; };
		28A1BD2723FDFA110065879B /* GoogleService-Info.plist */ = {isa = PBXFileReference; fileEncoding = 4; lastKnownFileType = text.plist.xml; path = "GoogleService-Info.plist"; sourceTree = "<group>"; };
		28A1BD2923FDFE430065879B /* LoginViewController.swift */ = {isa = PBXFileReference; lastKnownFileType = sourcecode.swift; path = LoginViewController.swift; sourceTree = "<group>"; };
		28A1BD2B23FDFE530065879B /* FeedViewController.swift */ = {isa = PBXFileReference; lastKnownFileType = sourcecode.swift; path = FeedViewController.swift; sourceTree = "<group>"; };
		28B0E42123FB5B6000487C4D /* Parstagram.app */ = {isa = PBXFileReference; explicitFileType = wrapper.application; includeInIndex = 0; path = Parstagram.app; sourceTree = BUILT_PRODUCTS_DIR; };
		28B0E42423FB5B6000487C4D /* AppDelegate.swift */ = {isa = PBXFileReference; lastKnownFileType = sourcecode.swift; path = AppDelegate.swift; sourceTree = "<group>"; };
		28B0E42623FB5B6000487C4D /* SceneDelegate.swift */ = {isa = PBXFileReference; lastKnownFileType = sourcecode.swift; path = SceneDelegate.swift; sourceTree = "<group>"; };
		28B0E42B23FB5B6000487C4D /* Base */ = {isa = PBXFileReference; lastKnownFileType = file.storyboard; name = Base; path = Base.lproj/Main.storyboard; sourceTree = "<group>"; };
		28B0E42D23FB5B6300487C4D /* Assets.xcassets */ = {isa = PBXFileReference; lastKnownFileType = folder.assetcatalog; path = Assets.xcassets; sourceTree = "<group>"; };
		28B0E43023FB5B6300487C4D /* Base */ = {isa = PBXFileReference; lastKnownFileType = file.storyboard; name = Base; path = Base.lproj/LaunchScreen.storyboard; sourceTree = "<group>"; };
		28B0E43223FB5B6300487C4D /* Info.plist */ = {isa = PBXFileReference; lastKnownFileType = text.plist.xml; path = Info.plist; sourceTree = "<group>"; };
		28B0E43723FB5B6300487C4D /* ParstagramTests.xctest */ = {isa = PBXFileReference; explicitFileType = wrapper.cfbundle; includeInIndex = 0; path = ParstagramTests.xctest; sourceTree = BUILT_PRODUCTS_DIR; };
		28B0E43B23FB5B6300487C4D /* ParstagramTests.swift */ = {isa = PBXFileReference; lastKnownFileType = sourcecode.swift; path = ParstagramTests.swift; sourceTree = "<group>"; };
		28B0E43D23FB5B6300487C4D /* Info.plist */ = {isa = PBXFileReference; lastKnownFileType = text.plist.xml; path = Info.plist; sourceTree = "<group>"; };
		28B0E44223FB5B6300487C4D /* ParstagramUITests.xctest */ = {isa = PBXFileReference; explicitFileType = wrapper.cfbundle; includeInIndex = 0; path = ParstagramUITests.xctest; sourceTree = BUILT_PRODUCTS_DIR; };
		28B0E44623FB5B6300487C4D /* ParstagramUITests.swift */ = {isa = PBXFileReference; lastKnownFileType = sourcecode.swift; path = ParstagramUITests.swift; sourceTree = "<group>"; };
		28B0E44823FB5B6300487C4D /* Info.plist */ = {isa = PBXFileReference; lastKnownFileType = text.plist.xml; path = Info.plist; sourceTree = "<group>"; };
		28B4744F24009ADE00B74BEC /* PostCell.swift */ = {isa = PBXFileReference; lastKnownFileType = sourcecode.swift; path = PostCell.swift; sourceTree = "<group>"; };
		28DAC37523FF9FDC009F4AFA /* CameraViewController.swift */ = {isa = PBXFileReference; lastKnownFileType = sourcecode.swift; path = CameraViewController.swift; sourceTree = "<group>"; };
		5387A0E97EACDF7B3514C428 /* Pods_Parstagram.framework */ = {isa = PBXFileReference; explicitFileType = wrapper.framework; includeInIndex = 0; path = Pods_Parstagram.framework; sourceTree = BUILT_PRODUCTS_DIR; };
		84A884A9CB9B1917AF045B53 /* Pods-Parstagram.release.xcconfig */ = {isa = PBXFileReference; includeInIndex = 1; lastKnownFileType = text.xcconfig; name = "Pods-Parstagram.release.xcconfig"; path = "Target Support Files/Pods-Parstagram/Pods-Parstagram.release.xcconfig"; sourceTree = "<group>"; };
		8BFC32EC9AFB124C92DF8F88 /* Pods-Parstagram.debug.xcconfig */ = {isa = PBXFileReference; includeInIndex = 1; lastKnownFileType = text.xcconfig; name = "Pods-Parstagram.debug.xcconfig"; path = "Target Support Files/Pods-Parstagram/Pods-Parstagram.debug.xcconfig"; sourceTree = "<group>"; };
		93DAFA03349808DBAC8BAA20 /* Pods_Parstagram_ParstagramUITests.framework */ = {isa = PBXFileReference; explicitFileType = wrapper.framework; includeInIndex = 0; path = Pods_Parstagram_ParstagramUITests.framework; sourceTree = BUILT_PRODUCTS_DIR; };
		9994F6E2A18584178E82BDA3 /* Pods-ParstagramTests.debug.xcconfig */ = {isa = PBXFileReference; includeInIndex = 1; lastKnownFileType = text.xcconfig; name = "Pods-ParstagramTests.debug.xcconfig"; path = "Target Support Files/Pods-ParstagramTests/Pods-ParstagramTests.debug.xcconfig"; sourceTree = "<group>"; };
		BA868FD79FA8FA913B21B0A4 /* Pods_ParstagramTests.framework */ = {isa = PBXFileReference; explicitFileType = wrapper.framework; includeInIndex = 0; path = Pods_ParstagramTests.framework; sourceTree = BUILT_PRODUCTS_DIR; };
		EE069658305F2245468DE34A /* Pods-ParstagramTests.release.xcconfig */ = {isa = PBXFileReference; includeInIndex = 1; lastKnownFileType = text.xcconfig; name = "Pods-ParstagramTests.release.xcconfig"; path = "Target Support Files/Pods-ParstagramTests/Pods-ParstagramTests.release.xcconfig"; sourceTree = "<group>"; };
/* End PBXFileReference section */

/* Begin PBXFrameworksBuildPhase section */
		28B0E41E23FB5B6000487C4D /* Frameworks */ = {
			isa = PBXFrameworksBuildPhase;
			buildActionMask = 2147483647;
			files = (
				35257FED2AD0A821078DEB12 /* Pods_Parstagram.framework in Frameworks */,
			);
			runOnlyForDeploymentPostprocessing = 0;
		};
		28B0E43423FB5B6300487C4D /* Frameworks */ = {
			isa = PBXFrameworksBuildPhase;
			buildActionMask = 2147483647;
			files = (
				8EE5D03EE3112D4F6D6F2473 /* Pods_ParstagramTests.framework in Frameworks */,
			);
			runOnlyForDeploymentPostprocessing = 0;
		};
		28B0E43F23FB5B6300487C4D /* Frameworks */ = {
			isa = PBXFrameworksBuildPhase;
			buildActionMask = 2147483647;
			files = (
				6659AC3544C297EBCA860118 /* Pods_Parstagram_ParstagramUITests.framework in Frameworks */,
			);
			runOnlyForDeploymentPostprocessing = 0;
		};
/* End PBXFrameworksBuildPhase section */

/* Begin PBXGroup section */
		28B0E41823FB5B6000487C4D = {
			isa = PBXGroup;
			children = (
				28B0E42323FB5B6000487C4D /* Parstagram */,
				28B0E43A23FB5B6300487C4D /* ParstagramTests */,
				28B0E44523FB5B6300487C4D /* ParstagramUITests */,
				28B0E42223FB5B6000487C4D /* Products */,
				95DC258174AA7B5EC6DE5BB3 /* Pods */,
				EA4DC4504A400E573367E6BE /* Frameworks */,
			);
			sourceTree = "<group>";
		};
		28B0E42223FB5B6000487C4D /* Products */ = {
			isa = PBXGroup;
			children = (
				28B0E42123FB5B6000487C4D /* Parstagram.app */,
				28B0E43723FB5B6300487C4D /* ParstagramTests.xctest */,
				28B0E44223FB5B6300487C4D /* ParstagramUITests.xctest */,
			);
			name = Products;
			sourceTree = "<group>";
		};
		28B0E42323FB5B6000487C4D /* Parstagram */ = {
			isa = PBXGroup;
			children = (
				28B0E42423FB5B6000487C4D /* AppDelegate.swift */,
				28B0E42623FB5B6000487C4D /* SceneDelegate.swift */,
				28B0E42A23FB5B6000487C4D /* Main.storyboard */,
				28B0E42D23FB5B6300487C4D /* Assets.xcassets */,
				28B0E42F23FB5B6300487C4D /* LaunchScreen.storyboard */,
				28A1BD2723FDFA110065879B /* GoogleService-Info.plist */,
				28B0E43223FB5B6300487C4D /* Info.plist */,
				28A1BD2923FDFE430065879B /* LoginViewController.swift */,
				28A1BD2B23FDFE530065879B /* FeedViewController.swift */,
				28DAC37523FF9FDC009F4AFA /* CameraViewController.swift */,
				28B4744F24009ADE00B74BEC /* PostCell.swift */,
			);
			path = Parstagram;
			sourceTree = "<group>";
		};
		28B0E43A23FB5B6300487C4D /* ParstagramTests */ = {
			isa = PBXGroup;
			children = (
				28B0E43B23FB5B6300487C4D /* ParstagramTests.swift */,
				28B0E43D23FB5B6300487C4D /* Info.plist */,
			);
			path = ParstagramTests;
			sourceTree = "<group>";
		};
		28B0E44523FB5B6300487C4D /* ParstagramUITests */ = {
			isa = PBXGroup;
			children = (
				28B0E44623FB5B6300487C4D /* ParstagramUITests.swift */,
				28B0E44823FB5B6300487C4D /* Info.plist */,
			);
			path = ParstagramUITests;
			sourceTree = "<group>";
		};
		95DC258174AA7B5EC6DE5BB3 /* Pods */ = {
			isa = PBXGroup;
			children = (
				8BFC32EC9AFB124C92DF8F88 /* Pods-Parstagram.debug.xcconfig */,
				84A884A9CB9B1917AF045B53 /* Pods-Parstagram.release.xcconfig */,
				16D27F76A2DE022F0C147493 /* Pods-Parstagram-ParstagramUITests.debug.xcconfig */,
				06ECBCDAB665E5614095A08E /* Pods-Parstagram-ParstagramUITests.release.xcconfig */,
				9994F6E2A18584178E82BDA3 /* Pods-ParstagramTests.debug.xcconfig */,
				EE069658305F2245468DE34A /* Pods-ParstagramTests.release.xcconfig */,
			);
			path = Pods;
			sourceTree = "<group>";
		};
		EA4DC4504A400E573367E6BE /* Frameworks */ = {
			isa = PBXGroup;
			children = (
				5387A0E97EACDF7B3514C428 /* Pods_Parstagram.framework */,
				93DAFA03349808DBAC8BAA20 /* Pods_Parstagram_ParstagramUITests.framework */,
				BA868FD79FA8FA913B21B0A4 /* Pods_ParstagramTests.framework */,
			);
			name = Frameworks;
			sourceTree = "<group>";
		};
/* End PBXGroup section */

/* Begin PBXNativeTarget section */
		28B0E42023FB5B6000487C4D /* Parstagram */ = {
			isa = PBXNativeTarget;
			buildConfigurationList = 28B0E44B23FB5B6300487C4D /* Build configuration list for PBXNativeTarget "Parstagram" */;
			buildPhases = (
				D0E471E067DB2B752049C2E9 /* [CP] Check Pods Manifest.lock */,
				28B0E41D23FB5B6000487C4D /* Sources */,
				28B0E41E23FB5B6000487C4D /* Frameworks */,
				28B0E41F23FB5B6000487C4D /* Resources */,
				9E34506D59B06A86ADDB678C /* [CP] Embed Pods Frameworks */,
			);
			buildRules = (
			);
			dependencies = (
			);
			name = Parstagram;
			productName = Parstagram;
			productReference = 28B0E42123FB5B6000487C4D /* Parstagram.app */;
			productType = "com.apple.product-type.application";
		};
		28B0E43623FB5B6300487C4D /* ParstagramTests */ = {
			isa = PBXNativeTarget;
			buildConfigurationList = 28B0E44E23FB5B6300487C4D /* Build configuration list for PBXNativeTarget "ParstagramTests" */;
			buildPhases = (
				DF206380A66E816861E3948A /* [CP] Check Pods Manifest.lock */,
				28B0E43323FB5B6300487C4D /* Sources */,
				28B0E43423FB5B6300487C4D /* Frameworks */,
				28B0E43523FB5B6300487C4D /* Resources */,
			);
			buildRules = (
			);
			dependencies = (
				28B0E43923FB5B6300487C4D /* PBXTargetDependency */,
			);
			name = ParstagramTests;
			productName = ParstagramTests;
			productReference = 28B0E43723FB5B6300487C4D /* ParstagramTests.xctest */;
			productType = "com.apple.product-type.bundle.unit-test";
		};
		28B0E44123FB5B6300487C4D /* ParstagramUITests */ = {
			isa = PBXNativeTarget;
			buildConfigurationList = 28B0E45123FB5B6300487C4D /* Build configuration list for PBXNativeTarget "ParstagramUITests" */;
			buildPhases = (
				4CE448719E029A76DF542ECA /* [CP] Check Pods Manifest.lock */,
				28B0E43E23FB5B6300487C4D /* Sources */,
				28B0E43F23FB5B6300487C4D /* Frameworks */,
				28B0E44023FB5B6300487C4D /* Resources */,
				099141D637D56CDBD9B81B0E /* [CP] Embed Pods Frameworks */,
			);
			buildRules = (
			);
			dependencies = (
				28B0E44423FB5B6300487C4D /* PBXTargetDependency */,
			);
			name = ParstagramUITests;
			productName = ParstagramUITests;
			productReference = 28B0E44223FB5B6300487C4D /* ParstagramUITests.xctest */;
			productType = "com.apple.product-type.bundle.ui-testing";
		};
/* End PBXNativeTarget section */

/* Begin PBXProject section */
		28B0E41923FB5B6000487C4D /* Project object */ = {
			isa = PBXProject;
			attributes = {
				LastSwiftUpdateCheck = 1130;
				LastUpgradeCheck = 1130;
				ORGANIZATIONNAME = user162638;
				TargetAttributes = {
					28B0E42023FB5B6000487C4D = {
						CreatedOnToolsVersion = 11.3.1;
					};
					28B0E43623FB5B6300487C4D = {
						CreatedOnToolsVersion = 11.3.1;
						TestTargetID = 28B0E42023FB5B6000487C4D;
					};
					28B0E44123FB5B6300487C4D = {
						CreatedOnToolsVersion = 11.3.1;
						TestTargetID = 28B0E42023FB5B6000487C4D;
					};
				};
			};
			buildConfigurationList = 28B0E41C23FB5B6000487C4D /* Build configuration list for PBXProject "Parstagram" */;
			compatibilityVersion = "Xcode 9.3";
			developmentRegion = en;
			hasScannedForEncodings = 0;
			knownRegions = (
				en,
				Base,
			);
			mainGroup = 28B0E41823FB5B6000487C4D;
			productRefGroup = 28B0E42223FB5B6000487C4D /* Products */;
			projectDirPath = "";
			projectRoot = "";
			targets = (
				28B0E42023FB5B6000487C4D /* Parstagram */,
				28B0E43623FB5B6300487C4D /* ParstagramTests */,
				28B0E44123FB5B6300487C4D /* ParstagramUITests */,
			);
		};
/* End PBXProject section */

/* Begin PBXResourcesBuildPhase section */
		28B0E41F23FB5B6000487C4D /* Resources */ = {
			isa = PBXResourcesBuildPhase;
			buildActionMask = 2147483647;
			files = (
				28B0E43123FB5B6300487C4D /* LaunchScreen.storyboard in Resources */,
				28A1BD2823FDFA110065879B /* GoogleService-Info.plist in Resources */,
				28B0E42E23FB5B6300487C4D /* Assets.xcassets in Resources */,
				28B0E42C23FB5B6000487C4D /* Main.storyboard in Resources */,
			);
			runOnlyForDeploymentPostprocessing = 0;
		};
		28B0E43523FB5B6300487C4D /* Resources */ = {
			isa = PBXResourcesBuildPhase;
			buildActionMask = 2147483647;
			files = (
			);
			runOnlyForDeploymentPostprocessing = 0;
		};
		28B0E44023FB5B6300487C4D /* Resources */ = {
			isa = PBXResourcesBuildPhase;
			buildActionMask = 2147483647;
			files = (
			);
			runOnlyForDeploymentPostprocessing = 0;
		};
/* End PBXResourcesBuildPhase section */

/* Begin PBXShellScriptBuildPhase section */
		099141D637D56CDBD9B81B0E /* [CP] Embed Pods Frameworks */ = {
			isa = PBXShellScriptBuildPhase;
			buildActionMask = 2147483647;
			files = (
			);
			inputFileListPaths = (
				"${PODS_ROOT}/Target Support Files/Pods-Parstagram-ParstagramUITests/Pods-Parstagram-ParstagramUITests-frameworks-${CONFIGURATION}-input-files.xcfilelist",
			);
			name = "[CP] Embed Pods Frameworks";
			outputFileListPaths = (
				"${PODS_ROOT}/Target Support Files/Pods-Parstagram-ParstagramUITests/Pods-Parstagram-ParstagramUITests-frameworks-${CONFIGURATION}-output-files.xcfilelist",
			);
			runOnlyForDeploymentPostprocessing = 0;
			shellPath = /bin/sh;
			shellScript = "\"${PODS_ROOT}/Target Support Files/Pods-Parstagram-ParstagramUITests/Pods-Parstagram-ParstagramUITests-frameworks.sh\"\n";
			showEnvVarsInLog = 0;
		};
		4CE448719E029A76DF542ECA /* [CP] Check Pods Manifest.lock */ = {
			isa = PBXShellScriptBuildPhase;
			buildActionMask = 2147483647;
			files = (
			);
			inputFileListPaths = (
			);
			inputPaths = (
				"${PODS_PODFILE_DIR_PATH}/Podfile.lock",
				"${PODS_ROOT}/Manifest.lock",
			);
			name = "[CP] Check Pods Manifest.lock";
			outputFileListPaths = (
			);
			outputPaths = (
				"$(DERIVED_FILE_DIR)/Pods-Parstagram-ParstagramUITests-checkManifestLockResult.txt",
			);
			runOnlyForDeploymentPostprocessing = 0;
			shellPath = /bin/sh;
			shellScript = "diff \"${PODS_PODFILE_DIR_PATH}/Podfile.lock\" \"${PODS_ROOT}/Manifest.lock\" > /dev/null\nif [ $? != 0 ] ; then\n    # print error to STDERR\n    echo \"error: The sandbox is not in sync with the Podfile.lock. Run 'pod install' or update your CocoaPods installation.\" >&2\n    exit 1\nfi\n# This output is used by Xcode 'outputs' to avoid re-running this script phase.\necho \"SUCCESS\" > \"${SCRIPT_OUTPUT_FILE_0}\"\n";
			showEnvVarsInLog = 0;
		};
		9E34506D59B06A86ADDB678C /* [CP] Embed Pods Frameworks */ = {
			isa = PBXShellScriptBuildPhase;
			buildActionMask = 2147483647;
			files = (
			);
			inputFileListPaths = (
				"${PODS_ROOT}/Target Support Files/Pods-Parstagram/Pods-Parstagram-frameworks-${CONFIGURATION}-input-files.xcfilelist",
			);
			name = "[CP] Embed Pods Frameworks";
			outputFileListPaths = (
				"${PODS_ROOT}/Target Support Files/Pods-Parstagram/Pods-Parstagram-frameworks-${CONFIGURATION}-output-files.xcfilelist",
			);
			runOnlyForDeploymentPostprocessing = 0;
			shellPath = /bin/sh;
			shellScript = "\"${PODS_ROOT}/Target Support Files/Pods-Parstagram/Pods-Parstagram-frameworks.sh\"\n";
			showEnvVarsInLog = 0;
		};
		D0E471E067DB2B752049C2E9 /* [CP] Check Pods Manifest.lock */ = {
			isa = PBXShellScriptBuildPhase;
			buildActionMask = 2147483647;
			files = (
			);
			inputFileListPaths = (
			);
			inputPaths = (
				"${PODS_PODFILE_DIR_PATH}/Podfile.lock",
				"${PODS_ROOT}/Manifest.lock",
			);
			name = "[CP] Check Pods Manifest.lock";
			outputFileListPaths = (
			);
			outputPaths = (
				"$(DERIVED_FILE_DIR)/Pods-Parstagram-checkManifestLockResult.txt",
			);
			runOnlyForDeploymentPostprocessing = 0;
			shellPath = /bin/sh;
			shellScript = "diff \"${PODS_PODFILE_DIR_PATH}/Podfile.lock\" \"${PODS_ROOT}/Manifest.lock\" > /dev/null\nif [ $? != 0 ] ; then\n    # print error to STDERR\n    echo \"error: The sandbox is not in sync with the Podfile.lock. Run 'pod install' or update your CocoaPods installation.\" >&2\n    exit 1\nfi\n# This output is used by Xcode 'outputs' to avoid re-running this script phase.\necho \"SUCCESS\" > \"${SCRIPT_OUTPUT_FILE_0}\"\n";
			showEnvVarsInLog = 0;
		};
		DF206380A66E816861E3948A /* [CP] Check Pods Manifest.lock */ = {
			isa = PBXShellScriptBuildPhase;
			buildActionMask = 2147483647;
			files = (
			);
			inputFileListPaths = (
			);
			inputPaths = (
				"${PODS_PODFILE_DIR_PATH}/Podfile.lock",
				"${PODS_ROOT}/Manifest.lock",
			);
			name = "[CP] Check Pods Manifest.lock";
			outputFileListPaths = (
			);
			outputPaths = (
				"$(DERIVED_FILE_DIR)/Pods-ParstagramTests-checkManifestLockResult.txt",
			);
			runOnlyForDeploymentPostprocessing = 0;
			shellPath = /bin/sh;
			shellScript = "diff \"${PODS_PODFILE_DIR_PATH}/Podfile.lock\" \"${PODS_ROOT}/Manifest.lock\" > /dev/null\nif [ $? != 0 ] ; then\n    # print error to STDERR\n    echo \"error: The sandbox is not in sync with the Podfile.lock. Run 'pod install' or update your CocoaPods installation.\" >&2\n    exit 1\nfi\n# This output is used by Xcode 'outputs' to avoid re-running this script phase.\necho \"SUCCESS\" > \"${SCRIPT_OUTPUT_FILE_0}\"\n";
			showEnvVarsInLog = 0;
		};
/* End PBXShellScriptBuildPhase section */

/* Begin PBXSourcesBuildPhase section */
		28B0E41D23FB5B6000487C4D /* Sources */ = {
			isa = PBXSourcesBuildPhase;
			buildActionMask = 2147483647;
			files = (
				28A1BD2A23FDFE430065879B /* LoginViewController.swift in Sources */,
				28DAC37623FF9FDC009F4AFA /* CameraViewController.swift in Sources */,
				28B0E42523FB5B6000487C4D /* AppDelegate.swift in Sources */,
				28A1BD2C23FDFE530065879B /* FeedViewController.swift in Sources */,
				28B0E42723FB5B6000487C4D /* SceneDelegate.swift in Sources */,
				28B4745024009ADE00B74BEC /* PostCell.swift in Sources */,
			);
			runOnlyForDeploymentPostprocessing = 0;
		};
		28B0E43323FB5B6300487C4D /* Sources */ = {
			isa = PBXSourcesBuildPhase;
			buildActionMask = 2147483647;
			files = (
				28B0E43C23FB5B6300487C4D /* ParstagramTests.swift in Sources */,
			);
			runOnlyForDeploymentPostprocessing = 0;
		};
		28B0E43E23FB5B6300487C4D /* Sources */ = {
			isa = PBXSourcesBuildPhase;
			buildActionMask = 2147483647;
			files = (
				28B0E44723FB5B6300487C4D /* ParstagramUITests.swift in Sources */,
			);
			runOnlyForDeploymentPostprocessing = 0;
		};
/* End PBXSourcesBuildPhase section */

/* Begin PBXTargetDependency section */
		28B0E43923FB5B6300487C4D /* PBXTargetDependency */ = {
			isa = PBXTargetDependency;
			target = 28B0E42023FB5B6000487C4D /* Parstagram */;
			targetProxy = 28B0E43823FB5B6300487C4D /* PBXContainerItemProxy */;
		};
		28B0E44423FB5B6300487C4D /* PBXTargetDependency */ = {
			isa = PBXTargetDependency;
			target = 28B0E42023FB5B6000487C4D /* Parstagram */;
			targetProxy = 28B0E44323FB5B6300487C4D /* PBXContainerItemProxy */;
		};
/* End PBXTargetDependency section */

/* Begin PBXVariantGroup section */
		28B0E42A23FB5B6000487C4D /* Main.storyboard */ = {
			isa = PBXVariantGroup;
			children = (
				28B0E42B23FB5B6000487C4D /* Base */,
			);
			name = Main.storyboard;
			sourceTree = "<group>";
		};
		28B0E42F23FB5B6300487C4D /* LaunchScreen.storyboard */ = {
			isa = PBXVariantGroup;
			children = (
				28B0E43023FB5B6300487C4D /* Base */,
			);
			name = LaunchScreen.storyboard;
			sourceTree = "<group>";
		};
/* End PBXVariantGroup section */

/* Begin XCBuildConfiguration section */
		28B0E44923FB5B6300487C4D /* Debug */ = {
			isa = XCBuildConfiguration;
			buildSettings = {
				ALWAYS_SEARCH_USER_PATHS = NO;
				CLANG_ANALYZER_NONNULL = YES;
				CLANG_ANALYZER_NUMBER_OBJECT_CONVERSION = YES_AGGRESSIVE;
				CLANG_CXX_LANGUAGE_STANDARD = "gnu++14";
				CLANG_CXX_LIBRARY = "libc++";
				CLANG_ENABLE_MODULES = YES;
				CLANG_ENABLE_OBJC_ARC = YES;
				CLANG_ENABLE_OBJC_WEAK = YES;
				CLANG_WARN_BLOCK_CAPTURE_AUTORELEASING = YES;
				CLANG_WARN_BOOL_CONVERSION = YES;
				CLANG_WARN_COMMA = YES;
				CLANG_WARN_CONSTANT_CONVERSION = YES;
				CLANG_WARN_DEPRECATED_OBJC_IMPLEMENTATIONS = YES;
				CLANG_WARN_DIRECT_OBJC_ISA_USAGE = YES_ERROR;
				CLANG_WARN_DOCUMENTATION_COMMENTS = YES;
				CLANG_WARN_EMPTY_BODY = YES;
				CLANG_WARN_ENUM_CONVERSION = YES;
				CLANG_WARN_INFINITE_RECURSION = YES;
				CLANG_WARN_INT_CONVERSION = YES;
				CLANG_WARN_NON_LITERAL_NULL_CONVERSION = YES;
				CLANG_WARN_OBJC_IMPLICIT_RETAIN_SELF = YES;
				CLANG_WARN_OBJC_LITERAL_CONVERSION = YES;
				CLANG_WARN_OBJC_ROOT_CLASS = YES_ERROR;
				CLANG_WARN_RANGE_LOOP_ANALYSIS = YES;
				CLANG_WARN_STRICT_PROTOTYPES = YES;
				CLANG_WARN_SUSPICIOUS_MOVE = YES;
				CLANG_WARN_UNGUARDED_AVAILABILITY = YES_AGGRESSIVE;
				CLANG_WARN_UNREACHABLE_CODE = YES;
				CLANG_WARN__DUPLICATE_METHOD_MATCH = YES;
				COPY_PHASE_STRIP = NO;
				DEBUG_INFORMATION_FORMAT = dwarf;
				ENABLE_STRICT_OBJC_MSGSEND = YES;
				ENABLE_TESTABILITY = YES;
				GCC_C_LANGUAGE_STANDARD = gnu11;
				GCC_DYNAMIC_NO_PIC = NO;
				GCC_NO_COMMON_BLOCKS = YES;
				GCC_OPTIMIZATION_LEVEL = 0;
				GCC_PREPROCESSOR_DEFINITIONS = (
					"DEBUG=1",
					"$(inherited)",
				);
				GCC_WARN_64_TO_32_BIT_CONVERSION = YES;
				GCC_WARN_ABOUT_RETURN_TYPE = YES_ERROR;
				GCC_WARN_UNDECLARED_SELECTOR = YES;
				GCC_WARN_UNINITIALIZED_AUTOS = YES_AGGRESSIVE;
				GCC_WARN_UNUSED_FUNCTION = YES;
				GCC_WARN_UNUSED_VARIABLE = YES;
				IPHONEOS_DEPLOYMENT_TARGET = 13.2;
				MTL_ENABLE_DEBUG_INFO = INCLUDE_SOURCE;
				MTL_FAST_MATH = YES;
				ONLY_ACTIVE_ARCH = YES;
				SDKROOT = iphoneos;
				SWIFT_ACTIVE_COMPILATION_CONDITIONS = DEBUG;
				SWIFT_OPTIMIZATION_LEVEL = "-Onone";
			};
			name = Debug;
		};
		28B0E44A23FB5B6300487C4D /* Release */ = {
			isa = XCBuildConfiguration;
			buildSettings = {
				ALWAYS_SEARCH_USER_PATHS = NO;
				CLANG_ANALYZER_NONNULL = YES;
				CLANG_ANALYZER_NUMBER_OBJECT_CONVERSION = YES_AGGRESSIVE;
				CLANG_CXX_LANGUAGE_STANDARD = "gnu++14";
				CLANG_CXX_LIBRARY = "libc++";
				CLANG_ENABLE_MODULES = YES;
				CLANG_ENABLE_OBJC_ARC = YES;
				CLANG_ENABLE_OBJC_WEAK = YES;
				CLANG_WARN_BLOCK_CAPTURE_AUTORELEASING = YES;
				CLANG_WARN_BOOL_CONVERSION = YES;
				CLANG_WARN_COMMA = YES;
				CLANG_WARN_CONSTANT_CONVERSION = YES;
				CLANG_WARN_DEPRECATED_OBJC_IMPLEMENTATIONS = YES;
				CLANG_WARN_DIRECT_OBJC_ISA_USAGE = YES_ERROR;
				CLANG_WARN_DOCUMENTATION_COMMENTS = YES;
				CLANG_WARN_EMPTY_BODY = YES;
				CLANG_WARN_ENUM_CONVERSION = YES;
				CLANG_WARN_INFINITE_RECURSION = YES;
				CLANG_WARN_INT_CONVERSION = YES;
				CLANG_WARN_NON_LITERAL_NULL_CONVERSION = YES;
				CLANG_WARN_OBJC_IMPLICIT_RETAIN_SELF = YES;
				CLANG_WARN_OBJC_LITERAL_CONVERSION = YES;
				CLANG_WARN_OBJC_ROOT_CLASS = YES_ERROR;
				CLANG_WARN_RANGE_LOOP_ANALYSIS = YES;
				CLANG_WARN_STRICT_PROTOTYPES = YES;
				CLANG_WARN_SUSPICIOUS_MOVE = YES;
				CLANG_WARN_UNGUARDED_AVAILABILITY = YES_AGGRESSIVE;
				CLANG_WARN_UNREACHABLE_CODE = YES;
				CLANG_WARN__DUPLICATE_METHOD_MATCH = YES;
				COPY_PHASE_STRIP = NO;
				DEBUG_INFORMATION_FORMAT = "dwarf-with-dsym";
				ENABLE_NS_ASSERTIONS = NO;
				ENABLE_STRICT_OBJC_MSGSEND = YES;
				GCC_C_LANGUAGE_STANDARD = gnu11;
				GCC_NO_COMMON_BLOCKS = YES;
				GCC_WARN_64_TO_32_BIT_CONVERSION = YES;
				GCC_WARN_ABOUT_RETURN_TYPE = YES_ERROR;
				GCC_WARN_UNDECLARED_SELECTOR = YES;
				GCC_WARN_UNINITIALIZED_AUTOS = YES_AGGRESSIVE;
				GCC_WARN_UNUSED_FUNCTION = YES;
				GCC_WARN_UNUSED_VARIABLE = YES;
				IPHONEOS_DEPLOYMENT_TARGET = 13.2;
				MTL_ENABLE_DEBUG_INFO = NO;
				MTL_FAST_MATH = YES;
				SDKROOT = iphoneos;
				SWIFT_COMPILATION_MODE = wholemodule;
				SWIFT_OPTIMIZATION_LEVEL = "-O";
				VALIDATE_PRODUCT = YES;
			};
			name = Release;
		};
		28B0E44C23FB5B6300487C4D /* Debug */ = {
			isa = XCBuildConfiguration;
			baseConfigurationReference = 8BFC32EC9AFB124C92DF8F88 /* Pods-Parstagram.debug.xcconfig */;
			buildSettings = {
				ASSETCATALOG_COMPILER_APPICON_NAME = AppIcon;
				CODE_SIGN_STYLE = Automatic;
				INFOPLIST_FILE = Parstagram/Info.plist;
				LD_RUNPATH_SEARCH_PATHS = (
					"$(inherited)",
					"@executable_path/Frameworks",
				);
				PRODUCT_BUNDLE_IDENTIFIER = com.user162638.Parstagram;
				PRODUCT_NAME = "$(TARGET_NAME)";
				SWIFT_VERSION = 5.0;
				TARGETED_DEVICE_FAMILY = "1,2";
			};
			name = Debug;
		};
		28B0E44D23FB5B6300487C4D /* Release */ = {
			isa = XCBuildConfiguration;
			baseConfigurationReference = 84A884A9CB9B1917AF045B53 /* Pods-Parstagram.release.xcconfig */;
			buildSettings = {
				ASSETCATALOG_COMPILER_APPICON_NAME = AppIcon;
				CODE_SIGN_STYLE = Automatic;
				INFOPLIST_FILE = Parstagram/Info.plist;
				LD_RUNPATH_SEARCH_PATHS = (
					"$(inherited)",
					"@executable_path/Frameworks",
				);
				PRODUCT_BUNDLE_IDENTIFIER = com.user162638.Parstagram;
				PRODUCT_NAME = "$(TARGET_NAME)";
				SWIFT_VERSION = 5.0;
				TARGETED_DEVICE_FAMILY = "1,2";
			};
			name = Release;
		};
		28B0E44F23FB5B6300487C4D /* Debug */ = {
			isa = XCBuildConfiguration;
			baseConfigurationReference = 9994F6E2A18584178E82BDA3 /* Pods-ParstagramTests.debug.xcconfig */;
			buildSettings = {
				ALWAYS_EMBED_SWIFT_STANDARD_LIBRARIES = YES;
				BUNDLE_LOADER = "$(TEST_HOST)";
				CODE_SIGN_STYLE = Automatic;
				INFOPLIST_FILE = ParstagramTests/Info.plist;
				IPHONEOS_DEPLOYMENT_TARGET = 13.2;
				LD_RUNPATH_SEARCH_PATHS = (
					"$(inherited)",
					"@executable_path/Frameworks",
					"@loader_path/Frameworks",
				);
				PRODUCT_BUNDLE_IDENTIFIER = com.user162638.ParstagramTests;
				PRODUCT_NAME = "$(TARGET_NAME)";
				SWIFT_VERSION = 5.0;
				TARGETED_DEVICE_FAMILY = "1,2";
				TEST_HOST = "$(BUILT_PRODUCTS_DIR)/Parstagram.app/Parstagram";
			};
			name = Debug;
		};
		28B0E45023FB5B6300487C4D /* Release */ = {
			isa = XCBuildConfiguration;
			baseConfigurationReference = EE069658305F2245468DE34A /* Pods-ParstagramTests.release.xcconfig */;
			buildSettings = {
				ALWAYS_EMBED_SWIFT_STANDARD_LIBRARIES = YES;
				BUNDLE_LOADER = "$(TEST_HOST)";
				CODE_SIGN_STYLE = Automatic;
				INFOPLIST_FILE = ParstagramTests/Info.plist;
				IPHONEOS_DEPLOYMENT_TARGET = 13.2;
				LD_RUNPATH_SEARCH_PATHS = (
					"$(inherited)",
					"@executable_path/Frameworks",
					"@loader_path/Frameworks",
				);
				PRODUCT_BUNDLE_IDENTIFIER = com.user162638.ParstagramTests;
				PRODUCT_NAME = "$(TARGET_NAME)";
				SWIFT_VERSION = 5.0;
				TARGETED_DEVICE_FAMILY = "1,2";
				TEST_HOST = "$(BUILT_PRODUCTS_DIR)/Parstagram.app/Parstagram";
			};
			name = Release;
		};
		28B0E45223FB5B6300487C4D /* Debug */ = {
			isa = XCBuildConfiguration;
			baseConfigurationReference = 16D27F76A2DE022F0C147493 /* Pods-Parstagram-ParstagramUITests.debug.xcconfig */;
			buildSettings = {
				ALWAYS_EMBED_SWIFT_STANDARD_LIBRARIES = YES;
				CODE_SIGN_STYLE = Automatic;
				INFOPLIST_FILE = ParstagramUITests/Info.plist;
				LD_RUNPATH_SEARCH_PATHS = (
					"$(inherited)",
					"@executable_path/Frameworks",
					"@loader_path/Frameworks",
				);
				PRODUCT_BUNDLE_IDENTIFIER = com.user162638.ParstagramUITests;
				PRODUCT_NAME = "$(TARGET_NAME)";
				SWIFT_VERSION = 5.0;
				TARGETED_DEVICE_FAMILY = "1,2";
				TEST_TARGET_NAME = Parstagram;
			};
			name = Debug;
		};
		28B0E45323FB5B6300487C4D /* Release */ = {
			isa = XCBuildConfiguration;
			baseConfigurationReference = 06ECBCDAB665E5614095A08E /* Pods-Parstagram-ParstagramUITests.release.xcconfig */;
			buildSettings = {
				ALWAYS_EMBED_SWIFT_STANDARD_LIBRARIES = YES;
				CODE_SIGN_STYLE = Automatic;
				INFOPLIST_FILE = ParstagramUITests/Info.plist;
				LD_RUNPATH_SEARCH_PATHS = (
					"$(inherited)",
					"@executable_path/Frameworks",
					"@loader_path/Frameworks",
				);
				PRODUCT_BUNDLE_IDENTIFIER = com.user162638.ParstagramUITests;
				PRODUCT_NAME = "$(TARGET_NAME)";
				SWIFT_VERSION = 5.0;
				TARGETED_DEVICE_FAMILY = "1,2";
				TEST_TARGET_NAME = Parstagram;
			};
			name = Release;
		};
/* End XCBuildConfiguration section */

/* Begin XCConfigurationList section */
		28B0E41C23FB5B6000487C4D /* Build configuration list for PBXProject "Parstagram" */ = {
			isa = XCConfigurationList;
			buildConfigurations = (
				28B0E44923FB5B6300487C4D /* Debug */,
				28B0E44A23FB5B6300487C4D /* Release */,
			);
			defaultConfigurationIsVisible = 0;
			defaultConfigurationName = Release;
		};
		28B0E44B23FB5B6300487C4D /* Build configuration list for PBXNativeTarget "Parstagram" */ = {
			isa = XCConfigurationList;
			buildConfigurations = (
				28B0E44C23FB5B6300487C4D /* Debug */,
				28B0E44D23FB5B6300487C4D /* Release */,
			);
			defaultConfigurationIsVisible = 0;
			defaultConfigurationName = Release;
		};
		28B0E44E23FB5B6300487C4D /* Build configuration list for PBXNativeTarget "ParstagramTests" */ = {
			isa = XCConfigurationList;
			buildConfigurations = (
				28B0E44F23FB5B6300487C4D /* Debug */,
				28B0E45023FB5B6300487C4D /* Release */,
			);
			defaultConfigurationIsVisible = 0;
			defaultConfigurationName = Release;
		};
		28B0E45123FB5B6300487C4D /* Build configuration list for PBXNativeTarget "ParstagramUITests" */ = {
			isa = XCConfigurationList;
			buildConfigurations = (
				28B0E45223FB5B6300487C4D /* Debug */,
				28B0E45323FB5B6300487C4D /* Release */,
			);
			defaultConfigurationIsVisible = 0;
			defaultConfigurationName = Release;
		};
/* End XCConfigurationList section */
	};
	rootObject = 28B0E41923FB5B6000487C4D /* Project object */;
}
